// !$*UTF8*$!
{
	archiveVersion = 1;
	classes = {
	};
	objectVersion = 56;
	objects = {

/* Begin PBXBuildFile section */
		530837F12B90B99B0083860E /* Category.swift in Sources */ = {isa = PBXBuildFile; fileRef = 530837F02B90B99B0083860E /* Category.swift */; };
		530837F42B90BA610083860E /* Product.swift in Sources */ = {isa = PBXBuildFile; fileRef = 530837F32B90BA610083860E /* Product.swift */; };
		530837F62B90BDAF0083860E /* ProductAPIService.swift in Sources */ = {isa = PBXBuildFile; fileRef = 530837F52B90BDAF0083860E /* ProductAPIService.swift */; };
		530837F82B90BEEA0083860E /* NetworkService.swift in Sources */ = {isa = PBXBuildFile; fileRef = 530837F72B90BEEA0083860E /* NetworkService.swift */; };
		530837FB2B90C1950083860E /* ProductVM.swift in Sources */ = {isa = PBXBuildFile; fileRef = 530837FA2B90C1950083860E /* ProductVM.swift */; };
		530837FE2B90C28C0083860E /* ProductRowView.swift in Sources */ = {isa = PBXBuildFile; fileRef = 530837FD2B90C28C0083860E /* ProductRowView.swift */; };
		530838002B90C4E00083860E /* ProductListView.swift in Sources */ = {isa = PBXBuildFile; fileRef = 530837FF2B90C4E00083860E /* ProductListView.swift */; };
		530838022B90C7C90083860E /* CreateProduct.swift in Sources */ = {isa = PBXBuildFile; fileRef = 530838012B90C7C90083860E /* CreateProduct.swift */; };
		530838042B90CB0E0083860E /* AddProduct.swift in Sources */ = {isa = PBXBuildFile; fileRef = 530838032B90CB0E0083860E /* AddProduct.swift */; };
		5364B4C72B8E10B400637AD8 /* EStoreCRUDApp.swift in Sources */ = {isa = PBXBuildFile; fileRef = 5364B4C62B8E10B400637AD8 /* EStoreCRUDApp.swift */; };
		5364B4C92B8E10B400637AD8 /* RegisterView.swift in Sources */ = {isa = PBXBuildFile; fileRef = 5364B4C82B8E10B400637AD8 /* RegisterView.swift */; };
		5364B4CB2B8E10B700637AD8 /* Assets.xcassets in Resources */ = {isa = PBXBuildFile; fileRef = 5364B4CA2B8E10B700637AD8 /* Assets.xcassets */; };
		5364B4CE2B8E10B700637AD8 /* Preview Assets.xcassets in Resources */ = {isa = PBXBuildFile; fileRef = 5364B4CD2B8E10B700637AD8 /* Preview Assets.xcassets */; };
		5364B4DC2B8E181200637AD8 /* User.swift in Sources */ = {isa = PBXBuildFile; fileRef = 5364B4DB2B8E181200637AD8 /* User.swift */; };
		5364B4DF2B8E19A100637AD8 /* Constant.swift in Sources */ = {isa = PBXBuildFile; fileRef = 5364B4DE2B8E19A100637AD8 /* Constant.swift */; };
		5364B4E32B8E1B6600637AD8 /* AuthService.swift in Sources */ = {isa = PBXBuildFile; fileRef = 5364B4E22B8E1B6600637AD8 /* AuthService.swift */; };
		5364B4E52B8E1E8400637AD8 /* AuthViewModel.swift in Sources */ = {isa = PBXBuildFile; fileRef = 5364B4E42B8E1E8400637AD8 /* AuthViewModel.swift */; };
		5364B4E82B8E270600637AD8 /* UserAPIService.swift in Sources */ = {isa = PBXBuildFile; fileRef = 5364B4E72B8E270600637AD8 /* UserAPIService.swift */; };
		5364B4EA2B8E27DA00637AD8 /* UsersViewModel.swift in Sources */ = {isa = PBXBuildFile; fileRef = 5364B4E92B8E27DA00637AD8 /* UsersViewModel.swift */; };
		5364B4EC2B8E294700637AD8 /* ErrorMessage.swift in Sources */ = {isa = PBXBuildFile; fileRef = 5364B4EB2B8E294700637AD8 /* ErrorMessage.swift */; };
		5364B4EF2B8E2B0300637AD8 /* UserRowView.swift in Sources */ = {isa = PBXBuildFile; fileRef = 5364B4EE2B8E2B0300637AD8 /* UserRowView.swift */; };
		5364B4F12B8E2C8000637AD8 /* UsersListView.swift in Sources */ = {isa = PBXBuildFile; fileRef = 5364B4F02B8E2C8000637AD8 /* UsersListView.swift */; };
		53BA94E32B8EB81B006468EE /* UsersDetailView.swift in Sources */ = {isa = PBXBuildFile; fileRef = 53BA94E22B8EB81B006468EE /* UsersDetailView.swift */; };
/* End PBXBuildFile section */

/* Begin PBXFileReference section */
		530837F02B90B99B0083860E /* Category.swift */ = {isa = PBXFileReference; lastKnownFileType = sourcecode.swift; path = Category.swift; sourceTree = "<group>"; };
		530837F32B90BA610083860E /* Product.swift */ = {isa = PBXFileReference; lastKnownFileType = sourcecode.swift; path = Product.swift; sourceTree = "<group>"; };
		530837F52B90BDAF0083860E /* ProductAPIService.swift */ = {isa = PBXFileReference; lastKnownFileType = sourcecode.swift; path = ProductAPIService.swift; sourceTree = "<group>"; };
		530837F72B90BEEA0083860E /* NetworkService.swift */ = {isa = PBXFileReference; lastKnownFileType = sourcecode.swift; path = NetworkService.swift; sourceTree = "<group>"; };
		530837FA2B90C1950083860E /* ProductVM.swift */ = {isa = PBXFileReference; lastKnownFileType = sourcecode.swift; path = ProductVM.swift; sourceTree = "<group>"; };
		530837FD2B90C28C0083860E /* ProductRowView.swift */ = {isa = PBXFileReference; lastKnownFileType = sourcecode.swift; path = ProductRowView.swift; sourceTree = "<group>"; };
		530837FF2B90C4E00083860E /* ProductListView.swift */ = {isa = PBXFileReference; lastKnownFileType = sourcecode.swift; path = ProductListView.swift; sourceTree = "<group>"; };
		530838012B90C7C90083860E /* CreateProduct.swift */ = {isa = PBXFileReference; lastKnownFileType = sourcecode.swift; path = CreateProduct.swift; sourceTree = "<group>"; };
		530838032B90CB0E0083860E /* AddProduct.swift */ = {isa = PBXFileReference; lastKnownFileType = sourcecode.swift; path = AddProduct.swift; sourceTree = "<group>"; };
		5364B4C32B8E10B400637AD8 /* EStoreCRUD.app */ = {isa = PBXFileReference; explicitFileType = wrapper.application; includeInIndex = 0; path = EStoreCRUD.app; sourceTree = BUILT_PRODUCTS_DIR; };
		5364B4C62B8E10B400637AD8 /* EStoreCRUDApp.swift */ = {isa = PBXFileReference; lastKnownFileType = sourcecode.swift; path = EStoreCRUDApp.swift; sourceTree = "<group>"; };
		5364B4C82B8E10B400637AD8 /* RegisterView.swift */ = {isa = PBXFileReference; lastKnownFileType = sourcecode.swift; path = RegisterView.swift; sourceTree = "<group>"; };
		5364B4CA2B8E10B700637AD8 /* Assets.xcassets */ = {isa = PBXFileReference; lastKnownFileType = folder.assetcatalog; path = Assets.xcassets; sourceTree = "<group>"; };
		5364B4CD2B8E10B700637AD8 /* Preview Assets.xcassets */ = {isa = PBXFileReference; lastKnownFileType = folder.assetcatalog; path = "Preview Assets.xcassets"; sourceTree = "<group>"; };
		5364B4DB2B8E181200637AD8 /* User.swift */ = {isa = PBXFileReference; lastKnownFileType = sourcecode.swift; path = User.swift; sourceTree = "<group>"; };
		5364B4DE2B8E19A100637AD8 /* Constant.swift */ = {isa = PBXFileReference; lastKnownFileType = sourcecode.swift; path = Constant.swift; sourceTree = "<group>"; };
		5364B4E22B8E1B6600637AD8 /* AuthService.swift */ = {isa = PBXFileReference; lastKnownFileType = sourcecode.swift; path = AuthService.swift; sourceTree = "<group>"; };
		5364B4E42B8E1E8400637AD8 /* AuthViewModel.swift */ = {isa = PBXFileReference; lastKnownFileType = sourcecode.swift; path = AuthViewModel.swift; sourceTree = "<group>"; };
		5364B4E72B8E270600637AD8 /* UserAPIService.swift */ = {isa = PBXFileReference; lastKnownFileType = sourcecode.swift; path = UserAPIService.swift; sourceTree = "<group>"; };
		5364B4E92B8E27DA00637AD8 /* UsersViewModel.swift */ = {isa = PBXFileReference; lastKnownFileType = sourcecode.swift; path = UsersViewModel.swift; sourceTree = "<group>"; };
		5364B4EB2B8E294700637AD8 /* ErrorMessage.swift */ = {isa = PBXFileReference; lastKnownFileType = sourcecode.swift; path = ErrorMessage.swift; sourceTree = "<group>"; };
		5364B4EE2B8E2B0300637AD8 /* UserRowView.swift */ = {isa = PBXFileReference; lastKnownFileType = sourcecode.swift; path = UserRowView.swift; sourceTree = "<group>"; };
		5364B4F02B8E2C8000637AD8 /* UsersListView.swift */ = {isa = PBXFileReference; lastKnownFileType = sourcecode.swift; path = UsersListView.swift; sourceTree = "<group>"; };
		53BA94E22B8EB81B006468EE /* UsersDetailView.swift */ = {isa = PBXFileReference; lastKnownFileType = sourcecode.swift; path = UsersDetailView.swift; sourceTree = "<group>"; };
/* End PBXFileReference section */

/* Begin PBXFrameworksBuildPhase section */
		5364B4C02B8E10B400637AD8 /* Frameworks */ = {
			isa = PBXFrameworksBuildPhase;
			buildActionMask = 2147483647;
			files = (
			);
			runOnlyForDeploymentPostprocessing = 0;
		};
/* End PBXFrameworksBuildPhase section */

/* Begin PBXGroup section */
		530837EE2B90B96C0083860E /* Categories */ = {
			isa = PBXGroup;
			children = (
				530837EF2B90B98E0083860E /* Model */,
			);
			path = Categories;
			sourceTree = "<group>";
		};
		530837EF2B90B98E0083860E /* Model */ = {
			isa = PBXGroup;
			children = (
				530837F02B90B99B0083860E /* Category.swift */,
			);
			path = Model;
			sourceTree = "<group>";
		};
		530837F22B90BA540083860E /* Model */ = {
			isa = PBXGroup;
			children = (
				530837F32B90BA610083860E /* Product.swift */,
				530838012B90C7C90083860E /* CreateProduct.swift */,
			);
			path = Model;
			sourceTree = "<group>";
		};
		530837F92B90C1850083860E /* ViewModel */ = {
			isa = PBXGroup;
			children = (
				530837FA2B90C1950083860E /* ProductVM.swift */,
			);
			path = ViewModel;
			sourceTree = "<group>";
		};
		530837FC2B90C27C0083860E /* View */ = {
			isa = PBXGroup;
			children = (
				530837FD2B90C28C0083860E /* ProductRowView.swift */,
				530837FF2B90C4E00083860E /* ProductListView.swift */,
				530838032B90CB0E0083860E /* AddProduct.swift */,
			);
			path = View;
			sourceTree = "<group>";
		};
		5364B4BA2B8E10B400637AD8 = {
			isa = PBXGroup;
			children = (
				5364B4C52B8E10B400637AD8 /* EStoreCRUD */,
				5364B4C42B8E10B400637AD8 /* Products */,
			);
			sourceTree = "<group>";
		};
		5364B4C42B8E10B400637AD8 /* Products */ = {
			isa = PBXGroup;
			children = (
				5364B4C32B8E10B400637AD8 /* EStoreCRUD.app */,
			);
			name = Products;
			sourceTree = "<group>";
		};
		5364B4C52B8E10B400637AD8 /* EStoreCRUD */ = {
			isa = PBXGroup;
			children = (
				5364B4E02B8E1B3400637AD8 /* Services */,
				5364B4DD2B8E199300637AD8 /* Helper */,
				5364B4D72B8E17AF00637AD8 /* Modules */,
				5364B4D62B8E11E400637AD8 /* Resources */,
				5364B4D42B8E11D200637AD8 /* App */,
				5364B4CC2B8E10B700637AD8 /* Preview Content */,
			);
			path = EStoreCRUD;
			sourceTree = "<group>";
		};
		5364B4CC2B8E10B700637AD8 /* Preview Content */ = {
			isa = PBXGroup;
			children = (
				5364B4CD2B8E10B700637AD8 /* Preview Assets.xcassets */,
			);
			path = "Preview Content";
			sourceTree = "<group>";
		};
		5364B4D42B8E11D200637AD8 /* App */ = {
			isa = PBXGroup;
			children = (
				5364B4C62B8E10B400637AD8 /* EStoreCRUDApp.swift */,
			);
			path = App;
			sourceTree = "<group>";
		};
		5364B4D52B8E11DB00637AD8 /* View */ = {
			isa = PBXGroup;
			children = (
				5364B4C82B8E10B400637AD8 /* RegisterView.swift */,
				5364B4F02B8E2C8000637AD8 /* UsersListView.swift */,
				53BA94E22B8EB81B006468EE /* UsersDetailView.swift */,
			);
			path = View;
			sourceTree = "<group>";
		};
		5364B4D62B8E11E400637AD8 /* Resources */ = {
			isa = PBXGroup;
			children = (
				5364B4CA2B8E10B700637AD8 /* Assets.xcassets */,
			);
			path = Resources;
			sourceTree = "<group>";
		};
		5364B4D72B8E17AF00637AD8 /* Modules */ = {
			isa = PBXGroup;
			children = (
				530837EE2B90B96C0083860E /* Categories */,
				53BA94E42B8ED96B006468EE /* Products */,
				5364B4D82B8E17B700637AD8 /* Users */,
			);
			path = Modules;
			sourceTree = "<group>";
		};
		5364B4D82B8E17B700637AD8 /* Users */ = {
			isa = PBXGroup;
			children = (
				5364B4DA2B8E17CE00637AD8 /* ViewModel */,
				5364B4D92B8E17C800637AD8 /* Model */,
				5364B4ED2B8E2AE800637AD8 /* SubView */,
				5364B4D52B8E11DB00637AD8 /* View */,
			);
			path = Users;
			sourceTree = "<group>";
		};
		5364B4D92B8E17C800637AD8 /* Model */ = {
			isa = PBXGroup;
			children = (
				5364B4DB2B8E181200637AD8 /* User.swift */,
			);
			path = Model;
			sourceTree = "<group>";
		};
		5364B4DA2B8E17CE00637AD8 /* ViewModel */ = {
			isa = PBXGroup;
			children = (
				5364B4E42B8E1E8400637AD8 /* AuthViewModel.swift */,
				5364B4E92B8E27DA00637AD8 /* UsersViewModel.swift */,
			);
			path = ViewModel;
			sourceTree = "<group>";
		};
		5364B4DD2B8E199300637AD8 /* Helper */ = {
			isa = PBXGroup;
			children = (
				5364B4DE2B8E19A100637AD8 /* Constant.swift */,
				5364B4EB2B8E294700637AD8 /* ErrorMessage.swift */,
				530837F72B90BEEA0083860E /* NetworkService.swift */,
			);
			path = Helper;
			sourceTree = "<group>";
		};
		5364B4E02B8E1B3400637AD8 /* Services */ = {
			isa = PBXGroup;
			children = (
				5364B4E62B8E26F400637AD8 /* API */,
				5364B4E12B8E1B3F00637AD8 /* Auth */,
			);
			path = Services;
			sourceTree = "<group>";
		};
		5364B4E12B8E1B3F00637AD8 /* Auth */ = {
			isa = PBXGroup;
			children = (
				5364B4E22B8E1B6600637AD8 /* AuthService.swift */,
			);
			path = Auth;
			sourceTree = "<group>";
		};
		5364B4E62B8E26F400637AD8 /* API */ = {
			isa = PBXGroup;
			children = (
				5364B4E72B8E270600637AD8 /* UserAPIService.swift */,
				530837F52B90BDAF0083860E /* ProductAPIService.swift */,
			);
			path = API;
			sourceTree = "<group>";
		};
		5364B4ED2B8E2AE800637AD8 /* SubView */ = {
			isa = PBXGroup;
			children = (
				5364B4EE2B8E2B0300637AD8 /* UserRowView.swift */,
			);
			path = SubView;
			sourceTree = "<group>";
		};
		53BA94E42B8ED96B006468EE /* Products */ = {
			isa = PBXGroup;
			children = (
				530837FC2B90C27C0083860E /* View */,
				530837F92B90C1850083860E /* ViewModel */,
				530837F22B90BA540083860E /* Model */,
			);
			path = Products;
			sourceTree = "<group>";
		};
/* End PBXGroup section */

/* Begin PBXNativeTarget section */
		5364B4C22B8E10B400637AD8 /* EStoreCRUD */ = {
			isa = PBXNativeTarget;
			buildConfigurationList = 5364B4D12B8E10B700637AD8 /* Build configuration list for PBXNativeTarget "EStoreCRUD" */;
			buildPhases = (
				5364B4BF2B8E10B400637AD8 /* Sources */,
				5364B4C02B8E10B400637AD8 /* Frameworks */,
				5364B4C12B8E10B400637AD8 /* Resources */,
			);
			buildRules = (
			);
			dependencies = (
			);
			name = EStoreCRUD;
			productName = EStoreCRUD;
			productReference = 5364B4C32B8E10B400637AD8 /* EStoreCRUD.app */;
			productType = "com.apple.product-type.application";
		};
/* End PBXNativeTarget section */

/* Begin PBXProject section */
		5364B4BB2B8E10B400637AD8 /* Project object */ = {
			isa = PBXProject;
			attributes = {
				BuildIndependentTargetsInParallel = 1;
				LastSwiftUpdateCheck = 1520;
				LastUpgradeCheck = 1520;
				TargetAttributes = {
					5364B4C22B8E10B400637AD8 = {
						CreatedOnToolsVersion = 15.2;
					};
				};
			};
			buildConfigurationList = 5364B4BE2B8E10B400637AD8 /* Build configuration list for PBXProject "EStoreCRUD" */;
			compatibilityVersion = "Xcode 14.0";
			developmentRegion = en;
			hasScannedForEncodings = 0;
			knownRegions = (
				en,
				Base,
			);
			mainGroup = 5364B4BA2B8E10B400637AD8;
			productRefGroup = 5364B4C42B8E10B400637AD8 /* Products */;
			projectDirPath = "";
			projectRoot = "";
			targets = (
				5364B4C22B8E10B400637AD8 /* EStoreCRUD */,
			);
		};
/* End PBXProject section */

/* Begin PBXResourcesBuildPhase section */
		5364B4C12B8E10B400637AD8 /* Resources */ = {
			isa = PBXResourcesBuildPhase;
			buildActionMask = 2147483647;
			files = (
				5364B4CE2B8E10B700637AD8 /* Preview Assets.xcassets in Resources */,
				5364B4CB2B8E10B700637AD8 /* Assets.xcassets in Resources */,
			);
			runOnlyForDeploymentPostprocessing = 0;
		};
/* End PBXResourcesBuildPhase section */

/* Begin PBXSourcesBuildPhase section */
		5364B4BF2B8E10B400637AD8 /* Sources */ = {
			isa = PBXSourcesBuildPhase;
			buildActionMask = 2147483647;
			files = (
				5364B4F12B8E2C8000637AD8 /* UsersListView.swift in Sources */,
				5364B4C92B8E10B400637AD8 /* RegisterView.swift in Sources */,
				5364B4E82B8E270600637AD8 /* UserAPIService.swift in Sources */,
				5364B4C72B8E10B400637AD8 /* EStoreCRUDApp.swift in Sources */,
				5364B4E52B8E1E8400637AD8 /* AuthViewModel.swift in Sources */,
				5364B4EC2B8E294700637AD8 /* ErrorMessage.swift in Sources */,
				5364B4E32B8E1B6600637AD8 /* AuthService.swift in Sources */,
				5364B4EF2B8E2B0300637AD8 /* UserRowView.swift in Sources */,
				53BA94E32B8EB81B006468EE /* UsersDetailView.swift in Sources */,
				530837F12B90B99B0083860E /* Category.swift in Sources */,
				530837F82B90BEEA0083860E /* NetworkService.swift in Sources */,
				5364B4EA2B8E27DA00637AD8 /* UsersViewModel.swift in Sources */,
				5364B4DC2B8E181200637AD8 /* User.swift in Sources */,
				530837FE2B90C28C0083860E /* ProductRowView.swift in Sources */,
				530838002B90C4E00083860E /* ProductListView.swift in Sources */,
				530837FB2B90C1950083860E /* ProductVM.swift in Sources */,
				5364B4DF2B8E19A100637AD8 /* Constant.swift in Sources */,
				530838042B90CB0E0083860E /* AddProduct.swift in Sources */,
				530837F42B90BA610083860E /* Product.swift in Sources */,
				530837F62B90BDAF0083860E /* ProductAPIService.swift in Sources */,
				530838022B90C7C90083860E /* CreateProduct.swift in Sources */,
			);
			runOnlyForDeploymentPostprocessing = 0;
		};
/* End PBXSourcesBuildPhase section */

/* Begin XCBuildConfiguration section */
		5364B4CF2B8E10B700637AD8 /* Debug */ = {
			isa = XCBuildConfiguration;
			buildSettings = {
				ALWAYS_SEARCH_USER_PATHS = NO;
				ASSETCATALOG_COMPILER_GENERATE_SWIFT_ASSET_SYMBOL_EXTENSIONS = YES;
				CLANG_ANALYZER_NONNULL = YES;
				CLANG_ANALYZER_NUMBER_OBJECT_CONVERSION = YES_AGGRESSIVE;
				CLANG_CXX_LANGUAGE_STANDARD = "gnu++20";
				CLANG_ENABLE_MODULES = YES;
				CLANG_ENABLE_OBJC_ARC = YES;
				CLANG_ENABLE_OBJC_WEAK = YES;
				CLANG_WARN_BLOCK_CAPTURE_AUTORELEASING = YES;
				CLANG_WARN_BOOL_CONVERSION = YES;
				CLANG_WARN_COMMA = YES;
				CLANG_WARN_CONSTANT_CONVERSION = YES;
				CLANG_WARN_DEPRECATED_OBJC_IMPLEMENTATIONS = YES;
				CLANG_WARN_DIRECT_OBJC_ISA_USAGE = YES_ERROR;
				CLANG_WARN_DOCUMENTATION_COMMENTS = YES;
				CLANG_WARN_EMPTY_BODY = YES;
				CLANG_WARN_ENUM_CONVERSION = YES;
				CLANG_WARN_INFINITE_RECURSION = YES;
				CLANG_WARN_INT_CONVERSION = YES;
				CLANG_WARN_NON_LITERAL_NULL_CONVERSION = YES;
				CLANG_WARN_OBJC_IMPLICIT_RETAIN_SELF = YES;
				CLANG_WARN_OBJC_LITERAL_CONVERSION = YES;
				CLANG_WARN_OBJC_ROOT_CLASS = YES_ERROR;
				CLANG_WARN_QUOTED_INCLUDE_IN_FRAMEWORK_HEADER = YES;
				CLANG_WARN_RANGE_LOOP_ANALYSIS = YES;
				CLANG_WARN_STRICT_PROTOTYPES = YES;
				CLANG_WARN_SUSPICIOUS_MOVE = YES;
				CLANG_WARN_UNGUARDED_AVAILABILITY = YES_AGGRESSIVE;
				CLANG_WARN_UNREACHABLE_CODE = YES;
				CLANG_WARN__DUPLICATE_METHOD_MATCH = YES;
				COPY_PHASE_STRIP = NO;
				DEBUG_INFORMATION_FORMAT = dwarf;
				ENABLE_STRICT_OBJC_MSGSEND = YES;
				ENABLE_TESTABILITY = YES;
				ENABLE_USER_SCRIPT_SANDBOXING = YES;
				GCC_C_LANGUAGE_STANDARD = gnu17;
				GCC_DYNAMIC_NO_PIC = NO;
				GCC_NO_COMMON_BLOCKS = YES;
				GCC_OPTIMIZATION_LEVEL = 0;
				GCC_PREPROCESSOR_DEFINITIONS = (
					"DEBUG=1",
					"$(inherited)",
				);
				GCC_WARN_64_TO_32_BIT_CONVERSION = YES;
				GCC_WARN_ABOUT_RETURN_TYPE = YES_ERROR;
				GCC_WARN_UNDECLARED_SELECTOR = YES;
				GCC_WARN_UNINITIALIZED_AUTOS = YES_AGGRESSIVE;
				GCC_WARN_UNUSED_FUNCTION = YES;
				GCC_WARN_UNUSED_VARIABLE = YES;
				IPHONEOS_DEPLOYMENT_TARGET = 17.2;
				LOCALIZATION_PREFERS_STRING_CATALOGS = YES;
				MTL_ENABLE_DEBUG_INFO = INCLUDE_SOURCE;
				MTL_FAST_MATH = YES;
				ONLY_ACTIVE_ARCH = YES;
				SDKROOT = iphoneos;
				SWIFT_ACTIVE_COMPILATION_CONDITIONS = "DEBUG $(inherited)";
				SWIFT_OPTIMIZATION_LEVEL = "-Onone";
			};
			name = Debug;
		};
		5364B4D02B8E10B700637AD8 /* Release */ = {
			isa = XCBuildConfiguration;
			buildSettings = {
				ALWAYS_SEARCH_USER_PATHS = NO;
				ASSETCATALOG_COMPILER_GENERATE_SWIFT_ASSET_SYMBOL_EXTENSIONS = YES;
				CLANG_ANALYZER_NONNULL = YES;
				CLANG_ANALYZER_NUMBER_OBJECT_CONVERSION = YES_AGGRESSIVE;
				CLANG_CXX_LANGUAGE_STANDARD = "gnu++20";
				CLANG_ENABLE_MODULES = YES;
				CLANG_ENABLE_OBJC_ARC = YES;
				CLANG_ENABLE_OBJC_WEAK = YES;
				CLANG_WARN_BLOCK_CAPTURE_AUTORELEASING = YES;
				CLANG_WARN_BOOL_CONVERSION = YES;
				CLANG_WARN_COMMA = YES;
				CLANG_WARN_CONSTANT_CONVERSION = YES;
				CLANG_WARN_DEPRECATED_OBJC_IMPLEMENTATIONS = YES;
				CLANG_WARN_DIRECT_OBJC_ISA_USAGE = YES_ERROR;
				CLANG_WARN_DOCUMENTATION_COMMENTS = YES;
				CLANG_WARN_EMPTY_BODY = YES;
				CLANG_WARN_ENUM_CONVERSION = YES;
				CLANG_WARN_INFINITE_RECURSION = YES;
				CLANG_WARN_INT_CONVERSION = YES;
				CLANG_WARN_NON_LITERAL_NULL_CONVERSION = YES;
				CLANG_WARN_OBJC_IMPLICIT_RETAIN_SELF = YES;
				CLANG_WARN_OBJC_LITERAL_CONVERSION = YES;
				CLANG_WARN_OBJC_ROOT_CLASS = YES_ERROR;
				CLANG_WARN_QUOTED_INCLUDE_IN_FRAMEWORK_HEADER = YES;
				CLANG_WARN_RANGE_LOOP_ANALYSIS = YES;
				CLANG_WARN_STRICT_PROTOTYPES = YES;
				CLANG_WARN_SUSPICIOUS_MOVE = YES;
				CLANG_WARN_UNGUARDED_AVAILABILITY = YES_AGGRESSIVE;
				CLANG_WARN_UNREACHABLE_CODE = YES;
				CLANG_WARN__DUPLICATE_METHOD_MATCH = YES;
				COPY_PHASE_STRIP = NO;
				DEBUG_INFORMATION_FORMAT = "dwarf-with-dsym";
				ENABLE_NS_ASSERTIONS = NO;
				ENABLE_STRICT_OBJC_MSGSEND = YES;
				ENABLE_USER_SCRIPT_SANDBOXING = YES;
				GCC_C_LANGUAGE_STANDARD = gnu17;
				GCC_NO_COMMON_BLOCKS = YES;
				GCC_WARN_64_TO_32_BIT_CONVERSION = YES;
				GCC_WARN_ABOUT_RETURN_TYPE = YES_ERROR;
				GCC_WARN_UNDECLARED_SELECTOR = YES;
				GCC_WARN_UNINITIALIZED_AUTOS = YES_AGGRESSIVE;
				GCC_WARN_UNUSED_FUNCTION = YES;
				GCC_WARN_UNUSED_VARIABLE = YES;
				IPHONEOS_DEPLOYMENT_TARGET = 17.2;
				LOCALIZATION_PREFERS_STRING_CATALOGS = YES;
				MTL_ENABLE_DEBUG_INFO = NO;
				MTL_FAST_MATH = YES;
				SDKROOT = iphoneos;
				SWIFT_COMPILATION_MODE = wholemodule;
				VALIDATE_PRODUCT = YES;
			};
			name = Release;
		};
		5364B4D22B8E10B700637AD8 /* Debug */ = {
			isa = XCBuildConfiguration;
			buildSettings = {
				ASSETCATALOG_COMPILER_APPICON_NAME = AppIcon;
				ASSETCATALOG_COMPILER_GLOBAL_ACCENT_COLOR_NAME = AccentColor;
				CODE_SIGN_STYLE = Automatic;
				CURRENT_PROJECT_VERSION = 1;
				DEVELOPMENT_ASSET_PATHS = "\"EStoreCRUD/Preview Content\"";
				DEVELOPMENT_TEAM = EJGCGKY84H;
				ENABLE_PREVIEWS = YES;
				GENERATE_INFOPLIST_FILE = YES;
				INFOPLIST_KEY_UIApplicationSceneManifest_Generation = YES;
				INFOPLIST_KEY_UIApplicationSupportsIndirectInputEvents = YES;
				INFOPLIST_KEY_UILaunchScreen_Generation = YES;
				INFOPLIST_KEY_UISupportedInterfaceOrientations_iPad = "UIInterfaceOrientationPortrait UIInterfaceOrientationPortraitUpsideDown UIInterfaceOrientationLandscapeLeft UIInterfaceOrientationLandscapeRight";
				INFOPLIST_KEY_UISupportedInterfaceOrientations_iPhone = "UIInterfaceOrientationPortrait UIInterfaceOrientationLandscapeLeft UIInterfaceOrientationLandscapeRight";
				LD_RUNPATH_SEARCH_PATHS = (
					"$(inherited)",
					"@executable_path/Frameworks",
				);
				MARKETING_VERSION = 1.0;
				PRODUCT_BUNDLE_IDENTIFIER = com.iswift.EStoreCRUD;
				PRODUCT_NAME = "$(TARGET_NAME)";
				SWIFT_EMIT_LOC_STRINGS = YES;
				SWIFT_VERSION = 5.0;
				TARGETED_DEVICE_FAMILY = "1,2";
			};
			name = Debug;
		};
		5364B4D32B8E10B700637AD8 /* Release */ = {
			isa = XCBuildConfiguration;
			buildSettings = {
				ASSETCATALOG_COMPILER_APPICON_NAME = AppIcon;
				ASSETCATALOG_COMPILER_GLOBAL_ACCENT_COLOR_NAME = AccentColor;
				CODE_SIGN_STYLE = Automatic;
				CURRENT_PROJECT_VERSION = 1;
				DEVELOPMENT_ASSET_PATHS = "\"EStoreCRUD/Preview Content\"";
				DEVELOPMENT_TEAM = EJGCGKY84H;
				ENABLE_PREVIEWS = YES;
				GENERATE_INFOPLIST_FILE = YES;
				INFOPLIST_KEY_UIApplicationSceneManifest_Generation = YES;
				INFOPLIST_KEY_UIApplicationSupportsIndirectInputEvents = YES;
				INFOPLIST_KEY_UILaunchScreen_Generation = YES;
				INFOPLIST_KEY_UISupportedInterfaceOrientations_iPad = "UIInterfaceOrientationPortrait UIInterfaceOrientationPortraitUpsideDown UIInterfaceOrientationLandscapeLeft UIInterfaceOrientationLandscapeRight";
				INFOPLIST_KEY_UISupportedInterfaceOrientations_iPhone = "UIInterfaceOrientationPortrait UIInterfaceOrientationLandscapeLeft UIInterfaceOrientationLandscapeRight";
				LD_RUNPATH_SEARCH_PATHS = (
					"$(inherited)",
					"@executable_path/Frameworks",
				);
				MARKETING_VERSION = 1.0;
				PRODUCT_BUNDLE_IDENTIFIER = com.iswift.EStoreCRUD;
				PRODUCT_NAME = "$(TARGET_NAME)";
				SWIFT_EMIT_LOC_STRINGS = YES;
				SWIFT_VERSION = 5.0;
				TARGETED_DEVICE_FAMILY = "1,2";
			};
			name = Release;
		};
/* End XCBuildConfiguration section */

/* Begin XCConfigurationList section */
		5364B4BE2B8E10B400637AD8 /* Build configuration list for PBXProject "EStoreCRUD" */ = {
			isa = XCConfigurationList;
			buildConfigurations = (
				5364B4CF2B8E10B700637AD8 /* Debug */,
				5364B4D02B8E10B700637AD8 /* Release */,
			);
			defaultConfigurationIsVisible = 0;
			defaultConfigurationName = Release;
		};
		5364B4D12B8E10B700637AD8 /* Build configuration list for PBXNativeTarget "EStoreCRUD" */ = {
			isa = XCConfigurationList;
			buildConfigurations = (
				5364B4D22B8E10B700637AD8 /* Debug */,
				5364B4D32B8E10B700637AD8 /* Release */,
			);
			defaultConfigurationIsVisible = 0;
			defaultConfigurationName = Release;
		};
/* End XCConfigurationList section */
	};
	rootObject = 5364B4BB2B8E10B400637AD8 /* Project object */;
}
